// !$*UTF8*$!
{
	archiveVersion = 1;
	classes = {
	};
	objectVersion = 46;
	objects = {

/* Begin PBXBuildFile section */
		219BE7E11C96B8DB00F57DE2 /* AppDelegate.swift in Sources */ = {isa = PBXBuildFile; fileRef = 219BE7E01C96B8DB00F57DE2 /* AppDelegate.swift */; };
		219BE7E31C96B8DB00F57DE2 /* ViewController.swift in Sources */ = {isa = PBXBuildFile; fileRef = 219BE7E21C96B8DB00F57DE2 /* ViewController.swift */; };
		219BE7E61C96B8DB00F57DE2 /* Main.storyboard in Resources */ = {isa = PBXBuildFile; fileRef = 219BE7E41C96B8DB00F57DE2 /* Main.storyboard */; };
		219BE7E81C96B8DB00F57DE2 /* Assets.xcassets in Resources */ = {isa = PBXBuildFile; fileRef = 219BE7E71C96B8DB00F57DE2 /* Assets.xcassets */; };
		219BE7EB1C96B8DB00F57DE2 /* LaunchScreen.storyboard in Resources */ = {isa = PBXBuildFile; fileRef = 219BE7E91C96B8DB00F57DE2 /* LaunchScreen.storyboard */; };
		219BE7F61C96B8DB00F57DE2 /* Sample_2016_MarchTests.swift in Sources */ = {isa = PBXBuildFile; fileRef = 219BE7F51C96B8DB00F57DE2 /* Sample_2016_MarchTests.swift */; };
/* End PBXBuildFile section */

/* Begin PBXContainerItemProxy section */
		219BE7F21C96B8DB00F57DE2 /* PBXContainerItemProxy */ = {
			isa = PBXContainerItemProxy;
			containerPortal = 219BE7D51C96B8D900F57DE2 /* Project object */;
			proxyType = 1;
			remoteGlobalIDString = 219BE7DC1C96B8DA00F57DE2;
			remoteInfo = Sample_2016_March;
		};
/* End PBXContainerItemProxy section */

/* Begin PBXFileReference section */
		219BE7DD1C96B8DA00F57DE2 /* Sample_2016_March.app */ = {isa = PBXFileReference; explicitFileType = wrapper.application; includeInIndex = 0; path = Sample_2016_March.app; sourceTree = BUILT_PRODUCTS_DIR; };
		219BE7E01C96B8DB00F57DE2 /* AppDelegate.swift */ = {isa = PBXFileReference; lastKnownFileType = sourcecode.swift; path = AppDelegate.swift; sourceTree = "<group>"; };
		219BE7E21C96B8DB00F57DE2 /* ViewController.swift */ = {isa = PBXFileReference; lastKnownFileType = sourcecode.swift; path = ViewController.swift; sourceTree = "<group>"; };
		219BE7E51C96B8DB00F57DE2 /* Base */ = {isa = PBXFileReference; lastKnownFileType = file.storyboard; name = Base; path = Base.lproj/Main.storyboard; sourceTree = "<group>"; };
		219BE7E71C96B8DB00F57DE2 /* Assets.xcassets */ = {isa = PBXFileReference; lastKnownFileType = folder.assetcatalog; path = Assets.xcassets; sourceTree = "<group>"; };
		219BE7EA1C96B8DB00F57DE2 /* Base */ = {isa = PBXFileReference; lastKnownFileType = file.storyboard; name = Base; path = Base.lproj/LaunchScreen.storyboard; sourceTree = "<group>"; };
		219BE7EC1C96B8DB00F57DE2 /* Info.plist */ = {isa = PBXFileReference; lastKnownFileType = text.plist.xml; path = Info.plist; sourceTree = "<group>"; };
		219BE7F11C96B8DB00F57DE2 /* Sample_2016_MarchTests.xctest */ = {isa = PBXFileReference; explicitFileType = wrapper.cfbundle; includeInIndex = 0; path = Sample_2016_MarchTests.xctest; sourceTree = BUILT_PRODUCTS_DIR; };
		219BE7F51C96B8DB00F57DE2 /* Sample_2016_MarchTests.swift */ = {isa = PBXFileReference; lastKnownFileType = sourcecode.swift; path = Sample_2016_MarchTests.swift; sourceTree = "<group>"; };
		219BE7F71C96B8DB00F57DE2 /* Info.plist */ = {isa = PBXFileReference; lastKnownFileType = text.plist.xml; path = Info.plist; sourceTree = "<group>"; };
/* End PBXFileReference section */

/* Begin PBXFrameworksBuildPhase section */
		219BE7DA1C96B8DA00F57DE2 /* Frameworks */ = {
			isa = PBXFrameworksBuildPhase;
			buildActionMask = 2147483647;
			files = (
			);
			runOnlyForDeploymentPostprocessing = 0;
		};
		219BE7EE1C96B8DB00F57DE2 /* Frameworks */ = {
			isa = PBXFrameworksBuildPhase;
			buildActionMask = 2147483647;
			files = (
			);
			runOnlyForDeploymentPostprocessing = 0;
		};
/* End PBXFrameworksBuildPhase section */

/* Begin PBXGroup section */
		219BE7D41C96B8D900F57DE2 = {
			isa = PBXGroup;
			children = (
				219BE7DF1C96B8DA00F57DE2 /* Sample_2016_March */,
				219BE7F41C96B8DB00F57DE2 /* Sample_2016_MarchTests */,
				219BE7DE1C96B8DA00F57DE2 /* Products */,
			);
			sourceTree = "<group>";
		};
		219BE7DE1C96B8DA00F57DE2 /* Products */ = {
			isa = PBXGroup;
			children = (
				219BE7DD1C96B8DA00F57DE2 /* Sample_2016_March.app */,
				219BE7F11C96B8DB00F57DE2 /* Sample_2016_MarchTests.xctest */,
			);
			name = Products;
			sourceTree = "<group>";
		};
		219BE7DF1C96B8DA00F57DE2 /* Sample_2016_March */ = {
			isa = PBXGroup;
			children = (
				219BE7E01C96B8DB00F57DE2 /* AppDelegate.swift */,
				219BE7E21C96B8DB00F57DE2 /* ViewController.swift */,
				219BE7E41C96B8DB00F57DE2 /* Main.storyboard */,
				219BE7E71C96B8DB00F57DE2 /* Assets.xcassets */,
				219BE7E91C96B8DB00F57DE2 /* LaunchScreen.storyboard */,
				219BE7EC1C96B8DB00F57DE2 /* Info.plist */,
			);
			path = Sample_2016_March;
			sourceTree = "<group>";
		};
		219BE7F41C96B8DB00F57DE2 /* Sample_2016_MarchTests */ = {
			isa = PBXGroup;
			children = (
				219BE7F51C96B8DB00F57DE2 /* Sample_2016_MarchTests.swift */,
				219BE7F71C96B8DB00F57DE2 /* Info.plist */,
			);
			path = Sample_2016_MarchTests;
			sourceTree = "<group>";
		};
/* End PBXGroup section */

/* Begin PBXNativeTarget section */
		219BE7DC1C96B8DA00F57DE2 /* Sample_2016_March */ = {
			isa = PBXNativeTarget;
			buildConfigurationList = 219BE7FA1C96B8DB00F57DE2 /* Build configuration list for PBXNativeTarget "Sample_2016_March" */;
			buildPhases = (
				219BE7D91C96B8DA00F57DE2 /* Sources */,
				219BE7DA1C96B8DA00F57DE2 /* Frameworks */,
				219BE7DB1C96B8DA00F57DE2 /* Resources */,
			);
			buildRules = (
			);
			dependencies = (
			);
			name = Sample_2016_March;
			productName = Sample_2016_March;
			productReference = 219BE7DD1C96B8DA00F57DE2 /* Sample_2016_March.app */;
			productType = "com.apple.product-type.application";
		};
		219BE7F01C96B8DB00F57DE2 /* Sample_2016_MarchTests */ = {
			isa = PBXNativeTarget;
			buildConfigurationList = 219BE7FD1C96B8DB00F57DE2 /* Build configuration list for PBXNativeTarget "Sample_2016_MarchTests" */;
			buildPhases = (
				219BE7ED1C96B8DB00F57DE2 /* Sources */,
				219BE7EE1C96B8DB00F57DE2 /* Frameworks */,
				219BE7EF1C96B8DB00F57DE2 /* Resources */,
			);
			buildRules = (
			);
			dependencies = (
				219BE7F31C96B8DB00F57DE2 /* PBXTargetDependency */,
			);
			name = Sample_2016_MarchTests;
			productName = Sample_2016_MarchTests;
			productReference = 219BE7F11C96B8DB00F57DE2 /* Sample_2016_MarchTests.xctest */;
			productType = "com.apple.product-type.bundle.unit-test";
		};
/* End PBXNativeTarget section */

/* Begin PBXProject section */
		219BE7D51C96B8D900F57DE2 /* Project object */ = {
			isa = PBXProject;
			attributes = {
				LastSwiftUpdateCheck = 0720;
				LastUpgradeCheck = 0720;
				ORGANIZATIONNAME = "Mahesh Mavurapu";
				TargetAttributes = {
					219BE7DC1C96B8DA00F57DE2 = {
						CreatedOnToolsVersion = 7.2;
						DevelopmentTeam = U465U52T4R;
					};
					219BE7F01C96B8DB00F57DE2 = {
						CreatedOnToolsVersion = 7.2;
						TestTargetID = 219BE7DC1C96B8DA00F57DE2;
					};
				};
			};
			buildConfigurationList = 219BE7D81C96B8D900F57DE2 /* Build configuration list for PBXProject "Sample_2016_March" */;
			compatibilityVersion = "Xcode 3.2";
			developmentRegion = English;
			hasScannedForEncodings = 0;
			knownRegions = (
				en,
				Base,
			);
			mainGroup = 219BE7D41C96B8D900F57DE2;
			productRefGroup = 219BE7DE1C96B8DA00F57DE2 /* Products */;
			projectDirPath = "";
			projectRoot = "";
			targets = (
				219BE7DC1C96B8DA00F57DE2 /* Sample_2016_March */,
				219BE7F01C96B8DB00F57DE2 /* Sample_2016_MarchTests */,
			);
		};
/* End PBXProject section */

/* Begin PBXResourcesBuildPhase section */
		219BE7DB1C96B8DA00F57DE2 /* Resources */ = {
			isa = PBXResourcesBuildPhase;
			buildActionMask = 2147483647;
			files = (
				219BE7EB1C96B8DB00F57DE2 /* LaunchScreen.storyboard in Resources */,
				219BE7E81C96B8DB00F57DE2 /* Assets.xcassets in Resources */,
				219BE7E61C96B8DB00F57DE2 /* Main.storyboard in Resources */,
			);
			runOnlyForDeploymentPostprocessing = 0;
		};
		219BE7EF1C96B8DB00F57DE2 /* Resources */ = {
			isa = PBXResourcesBuildPhase;
			buildActionMask = 2147483647;
			files = (
			);
			runOnlyForDeploymentPostprocessing = 0;
		};
/* End PBXResourcesBuildPhase section */

/* Begin PBXSourcesBuildPhase section */
		219BE7D91C96B8DA00F57DE2 /* Sources */ = {
			isa = PBXSourcesBuildPhase;
			buildActionMask = 2147483647;
			files = (
				219BE7E31C96B8DB00F57DE2 /* ViewController.swift in Sources */,
				219BE7E11C96B8DB00F57DE2 /* AppDelegate.swift in Sources */,
			);
			runOnlyForDeploymentPostprocessing = 0;
		};
		219BE7ED1C96B8DB00F57DE2 /* Sources */ = {
			isa = PBXSourcesBuildPhase;
			buildActionMask = 2147483647;
			files = (
				219BE7F61C96B8DB00F57DE2 /* Sample_2016_MarchTests.swift in Sources */,
			);
			runOnlyForDeploymentPostprocessing = 0;
		};
/* End PBXSourcesBuildPhase section */

/* Begin PBXTargetDependency section */
		219BE7F31C96B8DB00F57DE2 /* PBXTargetDependency */ = {
			isa = PBXTargetDependency;
			target = 219BE7DC1C96B8DA00F57DE2 /* Sample_2016_March */;
			targetProxy = 219BE7F21C96B8DB00F57DE2 /* PBXContainerItemProxy */;
		};
/* End PBXTargetDependency section */

/* Begin PBXVariantGroup section */
		219BE7E41C96B8DB00F57DE2 /* Main.storyboard */ = {
			isa = PBXVariantGroup;
			children = (
				219BE7E51C96B8DB00F57DE2 /* Base */,
			);
			name = Main.storyboard;
			sourceTree = "<group>";
		};
		219BE7E91C96B8DB00F57DE2 /* LaunchScreen.storyboard */ = {
			isa = PBXVariantGroup;
			children = (
				219BE7EA1C96B8DB00F57DE2 /* Base */,
			);
			name = LaunchScreen.storyboard;
			sourceTree = "<group>";
		};
/* End PBXVariantGroup section */

/* Begin XCBuildConfiguration section */
		219BE7F81C96B8DB00F57DE2 /* Debug */ = {
			isa = XCBuildConfiguration;
			buildSettings = {
				ALWAYS_SEARCH_USER_PATHS = NO;
				CLANG_CXX_LANGUAGE_STANDARD = "gnu++0x";
				CLANG_CXX_LIBRARY = "libc++";
				CLANG_ENABLE_MODULES = YES;
				CLANG_ENABLE_OBJC_ARC = YES;
				CLANG_WARN_BOOL_CONVERSION = YES;
				CLANG_WARN_CONSTANT_CONVERSION = YES;
				CLANG_WARN_DIRECT_OBJC_ISA_USAGE = YES_ERROR;
				CLANG_WARN_EMPTY_BODY = YES;
				CLANG_WARN_ENUM_CONVERSION = YES;
				CLANG_WARN_INT_CONVERSION = YES;
				CLANG_WARN_OBJC_ROOT_CLASS = YES_ERROR;
				CLANG_WARN_UNREACHABLE_CODE = YES;
				CLANG_WARN__DUPLICATE_METHOD_MATCH = YES;
				CODE_SIGN_IDENTITY = "iPhone Developer";
				"CODE_SIGN_IDENTITY[sdk=iphoneos*]" = "iPhone Developer";
				COPY_PHASE_STRIP = NO;
				DEBUG_INFORMATION_FORMAT = dwarf;
				ENABLE_STRICT_OBJC_MSGSEND = YES;
				ENABLE_TESTABILITY = YES;
				GCC_C_LANGUAGE_STANDARD = gnu99;
				GCC_DYNAMIC_NO_PIC = NO;
				GCC_NO_COMMON_BLOCKS = YES;
				GCC_OPTIMIZATION_LEVEL = 0;
				GCC_PREPROCESSOR_DEFINITIONS = (
					"DEBUG=1",
					"$(inherited)",
				);
				GCC_WARN_64_TO_32_BIT_CONVERSION = YES;
				GCC_WARN_ABOUT_RETURN_TYPE = YES_ERROR;
				GCC_WARN_UNDECLARED_SELECTOR = YES;
				GCC_WARN_UNINITIALIZED_AUTOS = YES_AGGRESSIVE;
				GCC_WARN_UNUSED_FUNCTION = YES;
				GCC_WARN_UNUSED_VARIABLE = YES;
				IPHONEOS_DEPLOYMENT_TARGET = 7.0;
				MTL_ENABLE_DEBUG_INFO = YES;
				ONLY_ACTIVE_ARCH = YES;
				SDKROOT = iphoneos;
				SWIFT_OPTIMIZATION_LEVEL = "-Onone";
				TARGETED_DEVICE_FAMILY = "1,2";
			};
			name = Debug;
		};
		219BE7F91C96B8DB00F57DE2 /* Release */ = {
			isa = XCBuildConfiguration;
			buildSettings = {
				ALWAYS_SEARCH_USER_PATHS = NO;
				CLANG_CXX_LANGUAGE_STANDARD = "gnu++0x";
				CLANG_CXX_LIBRARY = "libc++";
				CLANG_ENABLE_MODULES = YES;
				CLANG_ENABLE_OBJC_ARC = YES;
				CLANG_WARN_BOOL_CONVERSION = YES;
				CLANG_WARN_CONSTANT_CONVERSION = YES;
				CLANG_WARN_DIRECT_OBJC_ISA_USAGE = YES_ERROR;
				CLANG_WARN_EMPTY_BODY = YES;
				CLANG_WARN_ENUM_CONVERSION = YES;
				CLANG_WARN_INT_CONVERSION = YES;
				CLANG_WARN_OBJC_ROOT_CLASS = YES_ERROR;
				CLANG_WARN_UNREACHABLE_CODE = YES;
				CLANG_WARN__DUPLICATE_METHOD_MATCH = YES;
				CODE_SIGN_IDENTITY = "iPhone Developer";
				"CODE_SIGN_IDENTITY[sdk=iphoneos*]" = "iPhone Developer";
				COPY_PHASE_STRIP = NO;
				DEBUG_INFORMATION_FORMAT = "dwarf-with-dsym";
				ENABLE_NS_ASSERTIONS = NO;
				ENABLE_STRICT_OBJC_MSGSEND = YES;
				GCC_C_LANGUAGE_STANDARD = gnu99;
				GCC_NO_COMMON_BLOCKS = YES;
				GCC_WARN_64_TO_32_BIT_CONVERSION = YES;
				GCC_WARN_ABOUT_RETURN_TYPE = YES_ERROR;
				GCC_WARN_UNDECLARED_SELECTOR = YES;
				GCC_WARN_UNINITIALIZED_AUTOS = YES_AGGRESSIVE;
				GCC_WARN_UNUSED_FUNCTION = YES;
				GCC_WARN_UNUSED_VARIABLE = YES;
				IPHONEOS_DEPLOYMENT_TARGET = 7.0;
				MTL_ENABLE_DEBUG_INFO = NO;
				SDKROOT = iphoneos;
				TARGETED_DEVICE_FAMILY = "1,2";
				VALIDATE_PRODUCT = YES;
			};
			name = Release;
		};
		219BE7FB1C96B8DB00F57DE2 /* Debug */ = {
			isa = XCBuildConfiguration;
			buildSettings = {
				ASSETCATALOG_COMPILER_APPICON_NAME = AppIcon;
				CODE_SIGN_IDENTITY = "iPhone Developer";
				INFOPLIST_FILE = Sample_2016_March/Info.plist;
				IPHONEOS_DEPLOYMENT_TARGET = 7.0;
				LD_RUNPATH_SEARCH_PATHS = "$(inherited) @executable_path/Frameworks";
				PRODUCT_BUNDLE_IDENTIFIER = com.ecotechzWiffi.zWiffi;
				PRODUCT_NAME = "$(TARGET_NAME)";
			};
			name = Debug;
		};
		219BE7FC1C96B8DB00F57DE2 /* Release */ = {
			isa = XCBuildConfiguration;
			buildSettings = {
				ASSETCATALOG_COMPILER_APPICON_NAME = AppIcon;
				CODE_SIGN_IDENTITY = "iPhone Developer";
				INFOPLIST_FILE = Sample_2016_March/Info.plist;
				IPHONEOS_DEPLOYMENT_TARGET = 7.0;
				LD_RUNPATH_SEARCH_PATHS = "$(inherited) @executable_path/Frameworks";
				PRODUCT_BUNDLE_IDENTIFIER = com.ecotechzWiffi.zWiffi;
				PRODUCT_NAME = "$(TARGET_NAME)";
			};
			name = Release;
		};
		219BE7FE1C96B8DB00F57DE2 /* Debug */ = {
			isa = XCBuildConfiguration;
			buildSettings = {
				BUNDLE_LOADER = "$(TEST_HOST)";
				INFOPLIST_FILE = Sample_2016_MarchTests/Info.plist;
				LD_RUNPATH_SEARCH_PATHS = "$(inherited) @executable_path/Frameworks @loader_path/Frameworks";
				PRODUCT_BUNDLE_IDENTIFIER = "com.mahesh.Sample-2016-MarchTests";
				PRODUCT_NAME = "$(TARGET_NAME)";
				TEST_HOST = "$(BUILT_PRODUCTS_DIR)/Sample_2016_March.app/Sample_2016_March";
			};
			name = Debug;
		};
		219BE7FF1C96B8DB00F57DE2 /* Release */ = {
			isa = XCBuildConfiguration;
			buildSettings = {
				BUNDLE_LOADER = "$(TEST_HOST)";
				INFOPLIST_FILE = Sample_2016_MarchTests/Info.plist;
				LD_RUNPATH_SEARCH_PATHS = "$(inherited) @executable_path/Frameworks @loader_path/Frameworks";
				PRODUCT_BUNDLE_IDENTIFIER = "com.mahesh.Sample-2016-MarchTests";
				PRODUCT_NAME = "$(TARGET_NAME)";
				TEST_HOST = "$(BUILT_PRODUCTS_DIR)/Sample_2016_March.app/Sample_2016_March";
			};
			name = Release;
		};
/* End XCBuildConfiguration section */

/* Begin XCConfigurationList section */
		219BE7D81C96B8D900F57DE2 /* Build configuration list for PBXProject "Sample_2016_March" */ = {
			isa = XCConfigurationList;
			buildConfigurations = (
				219BE7F81C96B8DB00F57DE2 /* Debug */,
				219BE7F91C96B8DB00F57DE2 /* Release */,
			);
			defaultConfigurationIsVisible = 0;
			defaultConfigurationName = Release;
		};
		219BE7FA1C96B8DB00F57DE2 /* Build configuration list for PBXNativeTarget "Sample_2016_March" */ = {
			isa = XCConfigurationList;
			buildConfigurations = (
				219BE7FB1C96B8DB00F57DE2 /* Debug */,
				219BE7FC1C96B8DB00F57DE2 /* Release */,
			);
			defaultConfigurationIsVisible = 0;
			defaultConfigurationName = Release;
		};
		219BE7FD1C96B8DB00F57DE2 /* Build configuration list for PBXNativeTarget "Sample_2016_MarchTests" */ = {
			isa = XCConfigurationList;
			buildConfigurations = (
				219BE7FE1C96B8DB00F57DE2 /* Debug */,
				219BE7FF1C96B8DB00F57DE2 /* Release */,
			);
			defaultConfigurationIsVisible = 0;
			defaultConfigurationName = Release;
		};
/* End XCConfigurationList section */
	};
	rootObject = 219BE7D51C96B8D900F57DE2 /* Project object */;
}
